
Microsoft Visual Studio Solution File, Format Version 12.00
# Visual Studio 15
VisualStudioVersion = 15.0.26228.4
MinimumVisualStudioVersion = 10.0.40219.1
Project("{FAE04EC0-301F-11D3-BF4B-00C04F79EFBC}") = "MotionDetectorModel", "MotionDetectorModel\MotionDetectorModel.csproj", "{874C64EB-2436-4F93-840A-FE5A02F5C3BC}"
EndProject
Project("{FAE04EC0-301F-11D3-BF4B-00C04F79EFBC}") = "MotionDetectorUI", "MotionDetectorUI\MotionDetectorUI.csproj", "{B6F948DA-E9AE-4FED-9907-C70D2F6762B7}"
EndProject
Global
	GlobalSection(SolutionConfigurationPlatforms) = preSolution
		Debug|Any CPU = Debug|Any CPU
		Release|Any CPU = Release|Any CPU
	EndGlobalSection
	GlobalSection(ProjectConfigurationPlatforms) = postSolution
		{874C64EB-2436-4F93-840A-FE5A02F5C3BC}.Debug|Any CPU.ActiveCfg = Debug|Any CPU
		{874C64EB-2436-4F93-840A-FE5A02F5C3BC}.Debug|Any CPU.Build.0 = Debug|Any CPU
		{874C64EB-2436-4F93-840A-FE5A02F5C3BC}.Release|Any CPU.ActiveCfg = Release|Any CPU
		{874C64EB-2436-4F93-840A-FE5A02F5C3BC}.Release|Any CPU.Build.0 = Release|Any CPU
		{B6F948DA-E9AE-4FED-9907-C70D2F6762B7}.Debug|Any CPU.ActiveCfg = Debug|Any CPU
		{B6F948DA-E9AE-4FED-9907-C70D2F6762B7}.Debug|Any CPU.Build.0 = Debug|Any CPU
		{B6F948DA-E9AE-4FED-9907-C70D2F6762B7}.Release|Any CPU.ActiveCfg = Release|Any CPU
		{B6F948DA-E9AE-4FED-9907-C70D2F6762B7}.Release|Any CPU.Build.0 = Release|Any CPU
	EndGlobalSection
	GlobalSection(SolutionProperties) = preSolution
		HideSolutionNode = FALSE
	EndGlobalSection
EndGlobal
